
Microsoft Visual Studio Solution File, Format Version 12.00
# Visual Studio Version 16
VisualStudioVersion = 16.0.29924.181
MinimumVisualStudioVersion = 10.0.40219.1
Project("{9A19103F-16F7-4668-BE54-9A1E7A4F7556}") = "Pester", "Pester.csproj", "{A7D2A002-64A1-4EA2-95F0-2455683B1139}"
EndProject
Global
	GlobalSection(SolutionConfigurationPlatforms) = preSolution
		Debug|Any CPU = Debug|Any CPU
		Release|Any CPU = Release|Any CPU
	EndGlobalSection
	GlobalSection(ProjectConfigurationPlatforms) = postSolution
		{A7D2A002-64A1-4EA2-95F0-2455683B1139}.Debug|Any CPU.ActiveCfg = Debug|Any CPU
		{A7D2A002-64A1-4EA2-95F0-2455683B1139}.Debug|Any CPU.Build.0 = Debug|Any CPU
		{A7D2A002-64A1-4EA2-95F0-2455683B1139}.Release|Any CPU.ActiveCfg = Release|Any CPU
		{A7D2A002-64A1-4EA2-95F0-2455683B1139}.Release|Any CPU.Build.0 = Release|Any CPU
	EndGlobalSection
	GlobalSection(SolutionProperties) = preSolution
		HideSolutionNode = FALSE
	EndGlobalSection
	GlobalSection(ExtensibilityGlobals) = postSolution
		SolutionGuid = {1403ABF8-54B5-4E8B-88B7-4F71E7FD6680}
	EndGlobalSection
EndGlobal
