{
  "version": 1,
  "dependencies": {
    ".NETFramework,Version=v4.5.2": {
      "Microsoft.NETFramework.ReferenceAssemblies": {
        "type": "Direct",
        "requested": "[1.0.0, )",
        "resolved": "1.0.0",
        "contentHash": "7D2TMufjGiowmt0E941kVoTIS+GTNzaPopuzM1/1LSaJAdJdBrVP0SkZW7AgDd0a2U1DjsIeaKG1wxGVBNLDMw==",
        "dependencies": {
          "Microsoft.NETFramework.ReferenceAssemblies.net452": "1.0.0"
        }
      },
      "Microsoft.PowerShell.3.ReferenceAssemblies": {
        "type": "Direct",
        "requested": "[1.0.0, )",
        "resolved": "1.0.0",
        "contentHash": "lMDlqY0Dhqg4Fg+1B9MkLwfUuw46wQWdXqWzC1dsJcsFHLEt8BO7um7rtETTuoev+l7rxarRCIeeFcd1aCqRxg=="
      },
      "Microsoft.NETFramework.ReferenceAssemblies.net452": {
        "type": "Transitive",
        "resolved": "1.0.0",
        "contentHash": "hW174JAcRX7FK9lt2HMrGfUK0Vs6+hHiF8e6WWqX5So682NxrVc08L8+6RWQ23u35R48fomYx3DTxMSH/W89fQ=="
      }
    },
    ".NETStandard,Version=v2.0": {
      "NETStandard.Library": {
        "type": "Direct",
        "requested": "[2.0.3, )",
        "resolved": "2.0.3",
        "contentHash": "st47PosZSHrjECdjeIzZQbzivYBJFv6P2nv4cj2ypdI204DO+vZ7l5raGMiX4eXMJ53RfOIg+/s4DHVZ54Nu2A==",
        "dependencies": {
          "Microsoft.NETCore.Platforms": "1.1.0"
        }
      },
      "System.Management.Automation": {
        "type": "Direct",
        "requested": "[6.0.4, )",
        "resolved": "6.0.4",
        "contentHash": "dS2UF86ydpzBjHlqFTFJCAGWv4XPZa1hr2h3X5BqrosG+xyIxsbo4dx//6lOAhnWehxdgZNtUSNk8jYEYRhERQ=="
      },
      "Microsoft.NETCore.Platforms": {
        "type": "Transitive",
        "resolved": "1.1.0",
        "contentHash": "kz0PEW2lhqygehI/d6XsPCQzD7ff7gUJaVGPVETX611eadGsA3A877GdSlU0LRVMCTH/+P3o2iDTak+S08V2+A=="
      }
    }
  }
}